
Microsoft Visual Studio Solution File, Format Version 12.00
# Visual Studio Version 17
VisualStudioVersion = 17.5.33627.172
MinimumVisualStudioVersion = 10.0.40219.1
Project("{FAE04EC0-301F-11D3-BF4B-00C04F79EFBC}") = "Expense Tracker", "Expense Tracker\Expense Tracker.csproj", "{6A51DA1C-3145-4B3D-9244-A4A3F88619CB}"
EndProject
Project("{2150E333-8FDC-42A3-9474-1A3956D46DE8}") = "Solution Items", "Solution Items", "{E43628E0-DF01-4E76-86E7-CB2D6C406F95}"
	ProjectSection(SolutionItems) = preProject
		.editorconfig = .editorconfig
	EndProjectSection
EndProject
Global
	GlobalSection(SolutionConfigurationPlatforms) = preSolution
		Debug|Any CPU = Debug|Any CPU
		Release|Any CPU = Release|Any CPU
	EndGlobalSection
	GlobalSection(ProjectConfigurationPlatforms) = postSolution
		{6A51DA1C-3145-4B3D-9244-A4A3F88619CB}.Debug|Any CPU.ActiveCfg = Debug|Any CPU
		{6A51DA1C-3145-4B3D-9244-A4A3F88619CB}.Debug|Any CPU.Build.0 = Debug|Any CPU
		{6A51DA1C-3145-4B3D-9244-A4A3F88619CB}.Release|Any CPU.ActiveCfg = Release|Any CPU
		{6A51DA1C-3145-4B3D-9244-A4A3F88619CB}.Release|Any CPU.Build.0 = Release|Any CPU
	EndGlobalSection
	GlobalSection(SolutionProperties) = preSolution
		HideSolutionNode = FALSE
	EndGlobalSection
	GlobalSection(ExtensibilityGlobals) = postSolution
		SolutionGuid = {F259B087-2831-46C7-95E7-2643699B1C97}
	EndGlobalSection
EndGlobal
